version = 1
revision = 2
requires-python = ">=3.12"

[[package]]
name = "cspm-falkordb"
version = "0.1.0"
source = { virtual = "." }
dependencies = [
    { name = "falkordb" },
]

[package.metadata]
requires-dist = [{ name = "falkordb", specifier = ">=1.2.0" }]

[[package]]
name = "falkordb"
version = "1.2.0"
source = { registry = "https://pypi.org/simple" }
dependencies = [
    { name = "python-dateutil" },
    { name = "redis" },
]
sdist = { url = "https://files.pythonhosted.org/packages/9e/3b/2d846e877aec104841c523e99e1c584d4aa2423a0e31afee5b8369e3c8c5/falkordb-1.2.0.tar.gz", hash = "sha256:ce57365b86722d538e75aa5d438de67ecd8eb9478da612506d9812cd7f182d0b", size = 28976, upload-time = "2025-06-30T18:03:37.829Z" }
wheels = [
    { url = "https://files.pythonhosted.org/packages/39/81/1265e623c989bb8c12fe566645bad390d04e66fa62b84ca656e5bafce1f0/falkordb-1.2.0-py3-none-any.whl", hash = "sha256:7572d9cc377735d22efc52fe6fe73c7a435422c827b6ea3ca223a850a77be12e", size = 34737, upload-time = "2025-06-30T18:03:36.582Z" },
]

[[package]]
name = "pyjwt"
version = "2.10.1"
source = { registry = "https://pypi.org/simple" }
sdist = { url = "https://files.pythonhosted.org/packages/e7/46/bd74733ff231675599650d3e47f361794b22ef3e3770998dda30d3b63726/pyjwt-2.10.1.tar.gz", hash = "sha256:3cc5772eb20009233caf06e9d8a0577824723b44e6648ee0a2aedb6cf9381953", size = 87785, upload-time = "2024-11-28T03:43:29.933Z" }
wheels = [
    { url = "https://files.pythonhosted.org/packages/61/ad/689f02752eeec26aed679477e80e632ef1b682313be70793d798c1d5fc8f/PyJWT-2.10.1-py3-none-any.whl", hash = "sha256:dcdd193e30abefd5debf142f9adfcdd2b58004e644f25406ffaebd50bd98dacb", size = 22997, upload-time = "2024-11-28T03:43:27.893Z" },
]

[[package]]
name = "python-dateutil"
version = "2.9.0.post0"
source = { registry = "https://pypi.org/simple" }
dependencies = [
    { name = "six" },
]
sdist = { url = "https://files.pythonhosted.org/packages/66/c0/0c8b6ad9f17a802ee498c46e004a0eb49bc148f2fd230864601a86dcf6db/python-dateutil-2.9.0.post0.tar.gz", hash = "sha256:37dd54208da7e1cd875388217d5e00ebd4179249f90fb72437e91a35459a0ad3", size = 342432, upload-time = "2024-03-01T18:36:20.211Z" }
wheels = [
    { url = "https://files.pythonhosted.org/packages/ec/57/56b9bcc3c9c6a792fcbaf139543cee77261f3651ca9da0c93f5c1221264b/python_dateutil-2.9.0.post0-py2.py3-none-any.whl", hash = "sha256:a8b2bc7bffae282281c8140a97d3aa9c14da0b136dfe83f850eea9a5f7470427", size = 229892, upload-time = "2024-03-01T18:36:18.57Z" },
]

[[package]]
name = "redis"
version = "5.3.1"
source = { registry = "https://pypi.org/simple" }
dependencies = [
    { name = "pyjwt" },
]
sdist = { url = "https://files.pythonhosted.org/packages/6a/cf/128b1b6d7086200c9f387bd4be9b2572a30b90745ef078bd8b235042dc9f/redis-5.3.1.tar.gz", hash = "sha256:ca49577a531ea64039b5a36db3d6cd1a0c7a60c34124d46924a45b956e8cf14c", size = 4626200, upload-time = "2025-07-25T08:06:27.778Z" }
wheels = [
    { url = "https://files.pythonhosted.org/packages/7f/26/5c5fa0e83c3621db835cfc1f1d789b37e7fa99ed54423b5f519beb931aa7/redis-5.3.1-py3-none-any.whl", hash = "sha256:dc1909bd24669cc31b5f67a039700b16ec30571096c5f1f0d9d2324bff31af97", size = 272833, upload-time = "2025-07-25T08:06:26.317Z" },
]

[[package]]
name = "six"
version = "1.17.0"
source = { registry = "https://pypi.org/simple" }
sdist = { url = "https://files.pythonhosted.org/packages/94/e7/b2c673351809dca68a0e064b6af791aa332cf192da575fd474ed7d6f16a2/six-1.17.0.tar.gz", hash = "sha256:ff70335d468e7eb6ec65b95b99d3a2836546063f63acc5171de367e834932a81", size = 34031, upload-time = "2024-12-04T17:35:28.174Z" }
wheels = [
    { url = "https://files.pythonhosted.org/packages/b7/ce/149a00dd41f10bc29e5921b496af8b574d8413afcd5e30dfa0ed46c2cc5e/six-1.17.0-py2.py3-none-any.whl", hash = "sha256:4721f391ed90541fddacab5acf947aa0d3dc7d27b2e1e8eda2be8970586c3274", size = 11050, upload-time = "2024-12-04T17:35:26.475Z" },
]
